
Microsoft Visual Studio Solution File, Format Version 12.00
Project("{FAE04EC0-301F-11D3-BF4B-00C04F79EFBC}") = "Simulant.Telegram.Bot", "Simulant.Telegram.Bot\Simulant.Telegram.Bot.csproj", "{68ECD0CE-CE5C-4B60-9945-E9462628114C}"
EndProject
Project("{FAE04EC0-301F-11D3-BF4B-00C04F79EFBC}") = "Simulant.Telegram.Bot.Tests", "Simulant.Telegram.Bot.Tests\Simulant.Telegram.Bot.Tests.csproj", "{353C56A5-4DCB-415E-9EB3-BF15D758A587}"
EndProject
Global
	GlobalSection(SolutionConfigurationPlatforms) = preSolution
		Debug|Any CPU = Debug|Any CPU
		Release|Any CPU = Release|Any CPU
	EndGlobalSection
	GlobalSection(ProjectConfigurationPlatforms) = postSolution
		{68ECD0CE-CE5C-4B60-9945-E9462628114C}.Debug|Any CPU.ActiveCfg = Debug|Any CPU
		{68ECD0CE-CE5C-4B60-9945-E9462628114C}.Debug|Any CPU.Build.0 = Debug|Any CPU
		{68ECD0CE-CE5C-4B60-9945-E9462628114C}.Release|Any CPU.ActiveCfg = Release|Any CPU
		{68ECD0CE-CE5C-4B60-9945-E9462628114C}.Release|Any CPU.Build.0 = Release|Any CPU
		{353C56A5-4DCB-415E-9EB3-BF15D758A587}.Debug|Any CPU.ActiveCfg = Debug|Any CPU
		{353C56A5-4DCB-415E-9EB3-BF15D758A587}.Debug|Any CPU.Build.0 = Debug|Any CPU
		{353C56A5-4DCB-415E-9EB3-BF15D758A587}.Release|Any CPU.ActiveCfg = Release|Any CPU
		{353C56A5-4DCB-415E-9EB3-BF15D758A587}.Release|Any CPU.Build.0 = Release|Any CPU
	EndGlobalSection
EndGlobal
